
Microsoft Visual Studio Solution File, Format Version 12.00
# Visual Studio Version 17
VisualStudioVersion = 17.8.34330.188
MinimumVisualStudioVersion = 10.0.40219.1
Project("{FAE04EC0-301F-11D3-BF4B-00C04F79EFBC}") = "ExerciciosPOO18", "ExerciciosPOO18\ExerciciosPOO18.csproj", "{DE77213F-4A64-4999-A987-CF85925D2B7F}"
EndProject
Global
	GlobalSection(SolutionConfigurationPlatforms) = preSolution
		Debug|Any CPU = Debug|Any CPU
		Release|Any CPU = Release|Any CPU
	EndGlobalSection
	GlobalSection(ProjectConfigurationPlatforms) = postSolution
		{DE77213F-4A64-4999-A987-CF85925D2B7F}.Debug|Any CPU.ActiveCfg = Debug|Any CPU
		{DE77213F-4A64-4999-A987-CF85925D2B7F}.Debug|Any CPU.Build.0 = Debug|Any CPU
		{DE77213F-4A64-4999-A987-CF85925D2B7F}.Release|Any CPU.ActiveCfg = Release|Any CPU
		{DE77213F-4A64-4999-A987-CF85925D2B7F}.Release|Any CPU.Build.0 = Release|Any CPU
	EndGlobalSection
	GlobalSection(SolutionProperties) = preSolution
		HideSolutionNode = FALSE
	EndGlobalSection
	GlobalSection(ExtensibilityGlobals) = postSolution
		SolutionGuid = {12192701-230E-4347-8759-0946EE87A955}
	EndGlobalSection
EndGlobal
